Microsoft Visual Studio Solution File, Format Version 11.00
# Visual Studio 2010
Project("{F184B08F-C81C-45F6-A57F-5ABD9991F28F}") = "DXRichEdit_SL_Formatting", "DXRichEdit_SL_Formatting\DXRichEdit_SL_Formatting.vbproj", "{F1512F6C-D272-44DF-BC8A-6392E936EC1E}"
EndProject
Global
	GlobalSection(SolutionConfigurationPlatforms) = preSolution
		Debug|Any CPU = Debug|Any CPU
		Release|Any CPU = Release|Any CPU
	EndGlobalSection
	GlobalSection(ProjectConfigurationPlatforms) = postSolution
		{F1512F6C-D272-44DF-BC8A-6392E936EC1E}.Debug|Any CPU.ActiveCfg = Debug|Any CPU
		{F1512F6C-D272-44DF-BC8A-6392E936EC1E}.Debug|Any CPU.Build.0 = Debug|Any CPU
		{F1512F6C-D272-44DF-BC8A-6392E936EC1E}.Release|Any CPU.ActiveCfg = Release|Any CPU
		{F1512F6C-D272-44DF-BC8A-6392E936EC1E}.Release|Any CPU.Build.0 = Release|Any CPU
	EndGlobalSection
	GlobalSection(SolutionProperties) = preSolution
		HideSolutionNode = FALSE
	EndGlobalSection
EndGlobal
